
Microsoft Visual Studio Solution File, Format Version 12.00
# Visual Studio Version 17
VisualStudioVersion = 17.9.34714.143
MinimumVisualStudioVersion = 10.0.40219.1
Project("{FAE04EC0-301F-11D3-BF4B-00C04F79EFBC}") = "dice game 2 assesment", "dice game 2 assesment\dice game 2 assesment.csproj", "{BE4DC75F-6768-422C-B66C-5B7DF6ED137A}"
EndProject
Global
	GlobalSection(SolutionConfigurationPlatforms) = preSolution
		Debug|Any CPU = Debug|Any CPU
		Release|Any CPU = Release|Any CPU
	EndGlobalSection
	GlobalSection(ProjectConfigurationPlatforms) = postSolution
		{BE4DC75F-6768-422C-B66C-5B7DF6ED137A}.Debug|Any CPU.ActiveCfg = Debug|Any CPU
		{BE4DC75F-6768-422C-B66C-5B7DF6ED137A}.Debug|Any CPU.Build.0 = Debug|Any CPU
		{BE4DC75F-6768-422C-B66C-5B7DF6ED137A}.Release|Any CPU.ActiveCfg = Release|Any CPU
		{BE4DC75F-6768-422C-B66C-5B7DF6ED137A}.Release|Any CPU.Build.0 = Release|Any CPU
	EndGlobalSection
	GlobalSection(SolutionProperties) = preSolution
		HideSolutionNode = FALSE
	EndGlobalSection
	GlobalSection(ExtensibilityGlobals) = postSolution
		SolutionGuid = {8004D5AA-FE84-4024-9760-10593C131B85}
	EndGlobalSection
EndGlobal
